
Microsoft Visual Studio Solution File, Format Version 12.00
# Visual Studio Version 17
VisualStudioVersion = 17.4.33205.214
MinimumVisualStudioVersion = 10.0.40219.1
Project("{FAE04EC0-301F-11D3-BF4B-00C04F79EFBC}") = "Autentication and Authorization Register Web API", "Autentication and Authorization Register Web API.csproj", "{C1A9B0D0-ADE4-4DFC-B631-09E016F63F92}"
EndProject
Global
	GlobalSection(SolutionConfigurationPlatforms) = preSolution
		Debug|Any CPU = Debug|Any CPU
		Release|Any CPU = Release|Any CPU
	EndGlobalSection
	GlobalSection(ProjectConfigurationPlatforms) = postSolution
		{C1A9B0D0-ADE4-4DFC-B631-09E016F63F92}.Debug|Any CPU.ActiveCfg = Debug|Any CPU
		{C1A9B0D0-ADE4-4DFC-B631-09E016F63F92}.Debug|Any CPU.Build.0 = Debug|Any CPU
		{C1A9B0D0-ADE4-4DFC-B631-09E016F63F92}.Release|Any CPU.ActiveCfg = Release|Any CPU
		{C1A9B0D0-ADE4-4DFC-B631-09E016F63F92}.Release|Any CPU.Build.0 = Release|Any CPU
	EndGlobalSection
	GlobalSection(SolutionProperties) = preSolution
		HideSolutionNode = FALSE
	EndGlobalSection
	GlobalSection(ExtensibilityGlobals) = postSolution
		SolutionGuid = {FB4E776F-3C18-44CC-98F3-D68148A168C8}
	EndGlobalSection
EndGlobal
